# THIS IS AN AUTOGENERATED FILE. DO NOT EDIT THIS FILE DIRECTLY.
# yarn lockfile v1


"@prisma/client@2.0.0-alpha.874":
  version "2.0.0-alpha.874"
  resolved "https://registry.yarnpkg.com/@prisma/client/-/client-2.0.0-alpha.874.tgz#4c96d12dbfcc2792d5681f8759840d0ccf1964e2"
  integrity sha512-GnDj5wBrUwszMUcwXsk/KDER/Ax5uiVviQ+OSyoQbFVR/adX1/T5svMZG6yjleVnBYEIjZs0tebyQu9Auo7qKQ==

prisma2@^2.0.0-alpha.874:
  version "2.0.0-alpha.874"
  resolved "https://registry.yarnpkg.com/prisma2/-/prisma2-2.0.0-alpha.874.tgz#9c51e15c1f0e7fd4b18e9d5e776a7752705946fc"
  integrity sha512-heUFWgamYU/yL0RaWFYUwNqVQuaUhb4Jolds/8l9vS5AAhwb4Z69I4avj6BweEJUNAhsKNt/hj0UyyDl6hECew==
